
Microsoft Visual Studio Solution File, Format Version 12.00
# Visual Studio 15
VisualStudioVersion = 15.0.28307.1209
MinimumVisualStudioVersion = 10.0.40219.1
Project("{FAE04EC0-301F-11D3-BF4B-00C04F79EFBC}") = "carrefour_telegram", "carrefour_telegram\carrefour_telegram.csproj", "{4961D548-1C12-4370-9AA7-E1FEDCF4FE26}"
EndProject
Global
	GlobalSection(SolutionConfigurationPlatforms) = preSolution
		Debug|Any CPU = Debug|Any CPU
		Release|Any CPU = Release|Any CPU
	EndGlobalSection
	GlobalSection(ProjectConfigurationPlatforms) = postSolution
		{4961D548-1C12-4370-9AA7-E1FEDCF4FE26}.Debug|Any CPU.ActiveCfg = Debug|Any CPU
		{4961D548-1C12-4370-9AA7-E1FEDCF4FE26}.Debug|Any CPU.Build.0 = Debug|Any CPU
		{4961D548-1C12-4370-9AA7-E1FEDCF4FE26}.Release|Any CPU.ActiveCfg = Release|Any CPU
		{4961D548-1C12-4370-9AA7-E1FEDCF4FE26}.Release|Any CPU.Build.0 = Release|Any CPU
	EndGlobalSection
	GlobalSection(SolutionProperties) = preSolution
		HideSolutionNode = FALSE
	EndGlobalSection
	GlobalSection(ExtensibilityGlobals) = postSolution
		SolutionGuid = {CBE47F06-76DC-494C-AE3B-421132AC4D04}
	EndGlobalSection
EndGlobal
